
Microsoft Visual Studio Solution File, Format Version 12.00
# Visual Studio Version 17
VisualStudioVersion = 17.7.34031.279
MinimumVisualStudioVersion = 10.0.40219.1
Project("{FAE04EC0-301F-11D3-BF4B-00C04F79EFBC}") = "Product Management System", "Product Management System.csproj", "{371E0202-883E-47DD-A7D3-AF5B41CE418E}"
EndProject
Global
	GlobalSection(SolutionConfigurationPlatforms) = preSolution
		Debug|Any CPU = Debug|Any CPU
		Release|Any CPU = Release|Any CPU
	EndGlobalSection
	GlobalSection(ProjectConfigurationPlatforms) = postSolution
		{371E0202-883E-47DD-A7D3-AF5B41CE418E}.Debug|Any CPU.ActiveCfg = Debug|Any CPU
		{371E0202-883E-47DD-A7D3-AF5B41CE418E}.Debug|Any CPU.Build.0 = Debug|Any CPU
		{371E0202-883E-47DD-A7D3-AF5B41CE418E}.Release|Any CPU.ActiveCfg = Release|Any CPU
		{371E0202-883E-47DD-A7D3-AF5B41CE418E}.Release|Any CPU.Build.0 = Release|Any CPU
	EndGlobalSection
	GlobalSection(SolutionProperties) = preSolution
		HideSolutionNode = FALSE
	EndGlobalSection
	GlobalSection(ExtensibilityGlobals) = postSolution
		SolutionGuid = {01A54B9F-A2ED-4C05-BCCC-AB983F76D2FB}
	EndGlobalSection
EndGlobal
